
Microsoft Visual Studio Solution File, Format Version 12.00
# Visual Studio Version 17
VisualStudioVersion = 17.8.34601.278
MinimumVisualStudioVersion = 10.0.40219.1
Project("{9A19103F-16F7-4668-BE54-9A1E7A4F7556}") = "FrEee.Tests", "FrEee.Tests\FrEee.Tests.csproj", "{16D44CA4-5037-4537-93BF-C18F21F1A335}"
	ProjectSection(ProjectDependencies) = postProject
		{4EF4E395-F1D7-4419-90DC-EFEBEF5FDCD5} = {4EF4E395-F1D7-4419-90DC-EFEBEF5FDCD5}
	EndProjectSection
EndProject
Project("{2150E333-8FDC-42A3-9474-1A3956D46DE8}") = "Solution Items", "Solution Items", "{E6AD02C7-FCE2-45BF-AB0D-8A5848DC4325}"
	ProjectSection(SolutionItems) = preProject
		.editorconfig = .editorconfig
		Performance5.psess = Performance5.psess
		Rebracer.xml = Rebracer.xml
	EndProjectSection
EndProject
Project("{9A19103F-16F7-4668-BE54-9A1E7A4F7556}") = "FrEee.Assets", "FrEee.Assets\FrEee.Assets.csproj", "{C045C843-5B6B-4F8C-ADB6-98BE77375C6D}"
EndProject
Project("{9A19103F-16F7-4668-BE54-9A1E7A4F7556}") = "FrEee.UI.Blazor", "FrEee.UI.Blazor\FrEee.UI.Blazor.csproj", "{04E09E27-D192-47C5-B60A-3A792D884EE5}"
EndProject
Project("{9A19103F-16F7-4668-BE54-9A1E7A4F7556}") = "FrEee.UI.WinForms", "FrEee.UI.WinForms\FrEee.UI.WinForms.csproj", "{6AD78129-8271-44B7-A01A-FF75F61CCF2D}"
	ProjectSection(ProjectDependencies) = postProject
		{4EF4E395-F1D7-4419-90DC-EFEBEF5FDCD5} = {4EF4E395-F1D7-4419-90DC-EFEBEF5FDCD5}
	EndProjectSection
EndProject
Project("{9A19103F-16F7-4668-BE54-9A1E7A4F7556}") = "FrEee.Core.Utility", "FrEee.Core.Utility\FrEee.Core.Utility.csproj", "{84246F9D-DD31-4E8B-BA70-1006FA551083}"
EndProject
Project("{9A19103F-16F7-4668-BE54-9A1E7A4F7556}") = "FrEee.Core.Domain", "FrEee.Core.Domain\FrEee.Core.Domain.csproj", "{ECA7A08B-992A-43EC-8D98-2AE887897343}"
EndProject
Project("{FAE04EC0-301F-11D3-BF4B-00C04F79EFBC}") = "FrEee.Plugins", "FrEee.Plugins\FrEee.Plugins.csproj", "{4EF4E395-F1D7-4419-90DC-EFEBEF5FDCD5}"
EndProject
Project("{FAE04EC0-301F-11D3-BF4B-00C04F79EFBC}") = "FrEee.Plugins.Commands.Default", "FrEee.Plugins.Commands.Default\FrEee.Plugins.Commands.Default.csproj", "{E52D27B0-F812-716B-88FD-6C3DDF0AEBDE}"
EndProject
Project("{FAE04EC0-301F-11D3-BF4B-00C04F79EFBC}") = "FrEee.Plugins.Persistence.Default", "FrEee.Plugins.Persistence.Default\FrEee.Plugins.Persistence.Default.csproj", "{8F85E36A-2959-992D-D58F-4D529FB337CD}"
EndProject
Project("{FAE04EC0-301F-11D3-BF4B-00C04F79EFBC}") = "FrEee.Plugins.Processes.Default", "FrEee.Plugins.Processes.Default\FrEee.Plugins.Processes.Default.csproj", "{243C7C42-EA06-F57F-0ED0-B7559B3FFEA9}"
EndProject
Project("{FAE04EC0-301F-11D3-BF4B-00C04F79EFBC}") = "FrEee.Plugins.Vehicles.Default", "FrEee.Plugins.Vehicles.Default\FrEee.Plugins.Vehicles.Default.csproj", "{A27CA456-F103-2E08-7643-3B5899065CF4}"
EndProject
Global
	GlobalSection(SolutionConfigurationPlatforms) = preSolution
		Debug|Any CPU = Debug|Any CPU
		Debug|x64 = Debug|x64
		Debug|x86 = Debug|x86
		Release|Any CPU = Release|Any CPU
		Release|x64 = Release|x64
		Release|x86 = Release|x86
	EndGlobalSection
	GlobalSection(ProjectConfigurationPlatforms) = postSolution
		{16D44CA4-5037-4537-93BF-C18F21F1A335}.Debug|Any CPU.ActiveCfg = Debug|Any CPU
		{16D44CA4-5037-4537-93BF-C18F21F1A335}.Debug|Any CPU.Build.0 = Debug|Any CPU
		{16D44CA4-5037-4537-93BF-C18F21F1A335}.Debug|x64.ActiveCfg = Debug|Any CPU
		{16D44CA4-5037-4537-93BF-C18F21F1A335}.Debug|x64.Build.0 = Debug|Any CPU
		{16D44CA4-5037-4537-93BF-C18F21F1A335}.Debug|x86.ActiveCfg = Debug|Any CPU
		{16D44CA4-5037-4537-93BF-C18F21F1A335}.Debug|x86.Build.0 = Debug|Any CPU
		{16D44CA4-5037-4537-93BF-C18F21F1A335}.Release|Any CPU.ActiveCfg = Release|Any CPU
		{16D44CA4-5037-4537-93BF-C18F21F1A335}.Release|Any CPU.Build.0 = Release|Any CPU
		{16D44CA4-5037-4537-93BF-C18F21F1A335}.Release|x64.ActiveCfg = Release|Any CPU
		{16D44CA4-5037-4537-93BF-C18F21F1A335}.Release|x64.Build.0 = Release|Any CPU
		{16D44CA4-5037-4537-93BF-C18F21F1A335}.Release|x86.ActiveCfg = Release|Any CPU
		{16D44CA4-5037-4537-93BF-C18F21F1A335}.Release|x86.Build.0 = Release|Any CPU
		{C045C843-5B6B-4F8C-ADB6-98BE77375C6D}.Debug|Any CPU.ActiveCfg = Debug|Any CPU
		{C045C843-5B6B-4F8C-ADB6-98BE77375C6D}.Debug|Any CPU.Build.0 = Debug|Any CPU
		{C045C843-5B6B-4F8C-ADB6-98BE77375C6D}.Debug|x64.ActiveCfg = Debug|Any CPU
		{C045C843-5B6B-4F8C-ADB6-98BE77375C6D}.Debug|x64.Build.0 = Debug|Any CPU
		{C045C843-5B6B-4F8C-ADB6-98BE77375C6D}.Debug|x86.ActiveCfg = Debug|Any CPU
		{C045C843-5B6B-4F8C-ADB6-98BE77375C6D}.Debug|x86.Build.0 = Debug|Any CPU
		{C045C843-5B6B-4F8C-ADB6-98BE77375C6D}.Release|Any CPU.ActiveCfg = Release|Any CPU
		{C045C843-5B6B-4F8C-ADB6-98BE77375C6D}.Release|Any CPU.Build.0 = Release|Any CPU
		{C045C843-5B6B-4F8C-ADB6-98BE77375C6D}.Release|x64.ActiveCfg = Release|Any CPU
		{C045C843-5B6B-4F8C-ADB6-98BE77375C6D}.Release|x64.Build.0 = Release|Any CPU
		{C045C843-5B6B-4F8C-ADB6-98BE77375C6D}.Release|x86.ActiveCfg = Release|Any CPU
		{C045C843-5B6B-4F8C-ADB6-98BE77375C6D}.Release|x86.Build.0 = Release|Any CPU
		{04E09E27-D192-47C5-B60A-3A792D884EE5}.Debug|Any CPU.ActiveCfg = Debug|Any CPU
		{04E09E27-D192-47C5-B60A-3A792D884EE5}.Debug|Any CPU.Build.0 = Debug|Any CPU
		{04E09E27-D192-47C5-B60A-3A792D884EE5}.Debug|x64.ActiveCfg = Debug|Any CPU
		{04E09E27-D192-47C5-B60A-3A792D884EE5}.Debug|x64.Build.0 = Debug|Any CPU
		{04E09E27-D192-47C5-B60A-3A792D884EE5}.Debug|x86.ActiveCfg = Debug|Any CPU
		{04E09E27-D192-47C5-B60A-3A792D884EE5}.Debug|x86.Build.0 = Debug|Any CPU
		{04E09E27-D192-47C5-B60A-3A792D884EE5}.Release|Any CPU.ActiveCfg = Release|Any CPU
		{04E09E27-D192-47C5-B60A-3A792D884EE5}.Release|Any CPU.Build.0 = Release|Any CPU
		{04E09E27-D192-47C5-B60A-3A792D884EE5}.Release|x64.ActiveCfg = Release|Any CPU
		{04E09E27-D192-47C5-B60A-3A792D884EE5}.Release|x64.Build.0 = Release|Any CPU
		{04E09E27-D192-47C5-B60A-3A792D884EE5}.Release|x86.ActiveCfg = Release|Any CPU
		{04E09E27-D192-47C5-B60A-3A792D884EE5}.Release|x86.Build.0 = Release|Any CPU
		{6AD78129-8271-44B7-A01A-FF75F61CCF2D}.Debug|Any CPU.ActiveCfg = Debug|Any CPU
		{6AD78129-8271-44B7-A01A-FF75F61CCF2D}.Debug|Any CPU.Build.0 = Debug|Any CPU
		{6AD78129-8271-44B7-A01A-FF75F61CCF2D}.Debug|x64.ActiveCfg = Debug|Any CPU
		{6AD78129-8271-44B7-A01A-FF75F61CCF2D}.Debug|x64.Build.0 = Debug|Any CPU
		{6AD78129-8271-44B7-A01A-FF75F61CCF2D}.Debug|x86.ActiveCfg = Debug|Any CPU
		{6AD78129-8271-44B7-A01A-FF75F61CCF2D}.Debug|x86.Build.0 = Debug|Any CPU
		{6AD78129-8271-44B7-A01A-FF75F61CCF2D}.Release|Any CPU.ActiveCfg = Release|Any CPU
		{6AD78129-8271-44B7-A01A-FF75F61CCF2D}.Release|Any CPU.Build.0 = Release|Any CPU
		{6AD78129-8271-44B7-A01A-FF75F61CCF2D}.Release|x64.ActiveCfg = Release|Any CPU
		{6AD78129-8271-44B7-A01A-FF75F61CCF2D}.Release|x64.Build.0 = Release|Any CPU
		{6AD78129-8271-44B7-A01A-FF75F61CCF2D}.Release|x86.ActiveCfg = Release|Any CPU
		{6AD78129-8271-44B7-A01A-FF75F61CCF2D}.Release|x86.Build.0 = Release|Any CPU
		{84246F9D-DD31-4E8B-BA70-1006FA551083}.Debug|Any CPU.ActiveCfg = Debug|Any CPU
		{84246F9D-DD31-4E8B-BA70-1006FA551083}.Debug|Any CPU.Build.0 = Debug|Any CPU
		{84246F9D-DD31-4E8B-BA70-1006FA551083}.Debug|x64.ActiveCfg = Debug|Any CPU
		{84246F9D-DD31-4E8B-BA70-1006FA551083}.Debug|x64.Build.0 = Debug|Any CPU
		{84246F9D-DD31-4E8B-BA70-1006FA551083}.Debug|x86.ActiveCfg = Debug|Any CPU
		{84246F9D-DD31-4E8B-BA70-1006FA551083}.Debug|x86.Build.0 = Debug|Any CPU
		{84246F9D-DD31-4E8B-BA70-1006FA551083}.Release|Any CPU.ActiveCfg = Release|Any CPU
		{84246F9D-DD31-4E8B-BA70-1006FA551083}.Release|Any CPU.Build.0 = Release|Any CPU
		{84246F9D-DD31-4E8B-BA70-1006FA551083}.Release|x64.ActiveCfg = Release|Any CPU
		{84246F9D-DD31-4E8B-BA70-1006FA551083}.Release|x64.Build.0 = Release|Any CPU
		{84246F9D-DD31-4E8B-BA70-1006FA551083}.Release|x86.ActiveCfg = Release|Any CPU
		{84246F9D-DD31-4E8B-BA70-1006FA551083}.Release|x86.Build.0 = Release|Any CPU
		{ECA7A08B-992A-43EC-8D98-2AE887897343}.Debug|Any CPU.ActiveCfg = Debug|Any CPU
		{ECA7A08B-992A-43EC-8D98-2AE887897343}.Debug|Any CPU.Build.0 = Debug|Any CPU
		{ECA7A08B-992A-43EC-8D98-2AE887897343}.Debug|x64.ActiveCfg = Debug|Any CPU
		{ECA7A08B-992A-43EC-8D98-2AE887897343}.Debug|x64.Build.0 = Debug|Any CPU
		{ECA7A08B-992A-43EC-8D98-2AE887897343}.Debug|x86.ActiveCfg = Debug|Any CPU
		{ECA7A08B-992A-43EC-8D98-2AE887897343}.Debug|x86.Build.0 = Debug|Any CPU
		{ECA7A08B-992A-43EC-8D98-2AE887897343}.Release|Any CPU.ActiveCfg = Release|Any CPU
		{ECA7A08B-992A-43EC-8D98-2AE887897343}.Release|Any CPU.Build.0 = Release|Any CPU
		{ECA7A08B-992A-43EC-8D98-2AE887897343}.Release|x64.ActiveCfg = Release|Any CPU
		{ECA7A08B-992A-43EC-8D98-2AE887897343}.Release|x64.Build.0 = Release|Any CPU
		{ECA7A08B-992A-43EC-8D98-2AE887897343}.Release|x86.ActiveCfg = Release|Any CPU
		{ECA7A08B-992A-43EC-8D98-2AE887897343}.Release|x86.Build.0 = Release|Any CPU
		{4EF4E395-F1D7-4419-90DC-EFEBEF5FDCD5}.Debug|Any CPU.ActiveCfg = Debug|Any CPU
		{4EF4E395-F1D7-4419-90DC-EFEBEF5FDCD5}.Debug|Any CPU.Build.0 = Debug|Any CPU
		{4EF4E395-F1D7-4419-90DC-EFEBEF5FDCD5}.Debug|x64.ActiveCfg = Debug|Any CPU
		{4EF4E395-F1D7-4419-90DC-EFEBEF5FDCD5}.Debug|x64.Build.0 = Debug|Any CPU
		{4EF4E395-F1D7-4419-90DC-EFEBEF5FDCD5}.Debug|x86.ActiveCfg = Debug|Any CPU
		{4EF4E395-F1D7-4419-90DC-EFEBEF5FDCD5}.Debug|x86.Build.0 = Debug|Any CPU
		{4EF4E395-F1D7-4419-90DC-EFEBEF5FDCD5}.Release|Any CPU.ActiveCfg = Release|Any CPU
		{4EF4E395-F1D7-4419-90DC-EFEBEF5FDCD5}.Release|Any CPU.Build.0 = Release|Any CPU
		{4EF4E395-F1D7-4419-90DC-EFEBEF5FDCD5}.Release|x64.ActiveCfg = Release|Any CPU
		{4EF4E395-F1D7-4419-90DC-EFEBEF5FDCD5}.Release|x64.Build.0 = Release|Any CPU
		{4EF4E395-F1D7-4419-90DC-EFEBEF5FDCD5}.Release|x86.ActiveCfg = Release|Any CPU
		{4EF4E395-F1D7-4419-90DC-EFEBEF5FDCD5}.Release|x86.Build.0 = Release|Any CPU
		{E52D27B0-F812-716B-88FD-6C3DDF0AEBDE}.Debug|Any CPU.ActiveCfg = Debug|Any CPU
		{E52D27B0-F812-716B-88FD-6C3DDF0AEBDE}.Debug|Any CPU.Build.0 = Debug|Any CPU
		{E52D27B0-F812-716B-88FD-6C3DDF0AEBDE}.Debug|x64.ActiveCfg = Debug|Any CPU
		{E52D27B0-F812-716B-88FD-6C3DDF0AEBDE}.Debug|x64.Build.0 = Debug|Any CPU
		{E52D27B0-F812-716B-88FD-6C3DDF0AEBDE}.Debug|x86.ActiveCfg = Debug|Any CPU
		{E52D27B0-F812-716B-88FD-6C3DDF0AEBDE}.Debug|x86.Build.0 = Debug|Any CPU
		{E52D27B0-F812-716B-88FD-6C3DDF0AEBDE}.Release|Any CPU.ActiveCfg = Release|Any CPU
		{E52D27B0-F812-716B-88FD-6C3DDF0AEBDE}.Release|Any CPU.Build.0 = Release|Any CPU
		{E52D27B0-F812-716B-88FD-6C3DDF0AEBDE}.Release|x64.ActiveCfg = Release|Any CPU
		{E52D27B0-F812-716B-88FD-6C3DDF0AEBDE}.Release|x64.Build.0 = Release|Any CPU
		{E52D27B0-F812-716B-88FD-6C3DDF0AEBDE}.Release|x86.ActiveCfg = Release|Any CPU
		{E52D27B0-F812-716B-88FD-6C3DDF0AEBDE}.Release|x86.Build.0 = Release|Any CPU
		{8F85E36A-2959-992D-D58F-4D529FB337CD}.Debug|Any CPU.ActiveCfg = Debug|Any CPU
		{8F85E36A-2959-992D-D58F-4D529FB337CD}.Debug|Any CPU.Build.0 = Debug|Any CPU
		{8F85E36A-2959-992D-D58F-4D529FB337CD}.Debug|x64.ActiveCfg = Debug|Any CPU
		{8F85E36A-2959-992D-D58F-4D529FB337CD}.Debug|x64.Build.0 = Debug|Any CPU
		{8F85E36A-2959-992D-D58F-4D529FB337CD}.Debug|x86.ActiveCfg = Debug|Any CPU
		{8F85E36A-2959-992D-D58F-4D529FB337CD}.Debug|x86.Build.0 = Debug|Any CPU
		{8F85E36A-2959-992D-D58F-4D529FB337CD}.Release|Any CPU.ActiveCfg = Release|Any CPU
		{8F85E36A-2959-992D-D58F-4D529FB337CD}.Release|Any CPU.Build.0 = Release|Any CPU
		{8F85E36A-2959-992D-D58F-4D529FB337CD}.Release|x64.ActiveCfg = Release|Any CPU
		{8F85E36A-2959-992D-D58F-4D529FB337CD}.Release|x64.Build.0 = Release|Any CPU
		{8F85E36A-2959-992D-D58F-4D529FB337CD}.Release|x86.ActiveCfg = Release|Any CPU
		{8F85E36A-2959-992D-D58F-4D529FB337CD}.Release|x86.Build.0 = Release|Any CPU
		{243C7C42-EA06-F57F-0ED0-B7559B3FFEA9}.Debug|Any CPU.ActiveCfg = Debug|Any CPU
		{243C7C42-EA06-F57F-0ED0-B7559B3FFEA9}.Debug|Any CPU.Build.0 = Debug|Any CPU
		{243C7C42-EA06-F57F-0ED0-B7559B3FFEA9}.Debug|x64.ActiveCfg = Debug|Any CPU
		{243C7C42-EA06-F57F-0ED0-B7559B3FFEA9}.Debug|x64.Build.0 = Debug|Any CPU
		{243C7C42-EA06-F57F-0ED0-B7559B3FFEA9}.Debug|x86.ActiveCfg = Debug|Any CPU
		{243C7C42-EA06-F57F-0ED0-B7559B3FFEA9}.Debug|x86.Build.0 = Debug|Any CPU
		{243C7C42-EA06-F57F-0ED0-B7559B3FFEA9}.Release|Any CPU.ActiveCfg = Release|Any CPU
		{243C7C42-EA06-F57F-0ED0-B7559B3FFEA9}.Release|Any CPU.Build.0 = Release|Any CPU
		{243C7C42-EA06-F57F-0ED0-B7559B3FFEA9}.Release|x64.ActiveCfg = Release|Any CPU
		{243C7C42-EA06-F57F-0ED0-B7559B3FFEA9}.Release|x64.Build.0 = Release|Any CPU
		{243C7C42-EA06-F57F-0ED0-B7559B3FFEA9}.Release|x86.ActiveCfg = Release|Any CPU
		{243C7C42-EA06-F57F-0ED0-B7559B3FFEA9}.Release|x86.Build.0 = Release|Any CPU
		{A27CA456-F103-2E08-7643-3B5899065CF4}.Debug|Any CPU.ActiveCfg = Debug|Any CPU
		{A27CA456-F103-2E08-7643-3B5899065CF4}.Debug|Any CPU.Build.0 = Debug|Any CPU
		{A27CA456-F103-2E08-7643-3B5899065CF4}.Debug|x64.ActiveCfg = Debug|Any CPU
		{A27CA456-F103-2E08-7643-3B5899065CF4}.Debug|x64.Build.0 = Debug|Any CPU
		{A27CA456-F103-2E08-7643-3B5899065CF4}.Debug|x86.ActiveCfg = Debug|Any CPU
		{A27CA456-F103-2E08-7643-3B5899065CF4}.Debug|x86.Build.0 = Debug|Any CPU
		{A27CA456-F103-2E08-7643-3B5899065CF4}.Release|Any CPU.ActiveCfg = Release|Any CPU
		{A27CA456-F103-2E08-7643-3B5899065CF4}.Release|Any CPU.Build.0 = Release|Any CPU
		{A27CA456-F103-2E08-7643-3B5899065CF4}.Release|x64.ActiveCfg = Release|Any CPU
		{A27CA456-F103-2E08-7643-3B5899065CF4}.Release|x64.Build.0 = Release|Any CPU
		{A27CA456-F103-2E08-7643-3B5899065CF4}.Release|x86.ActiveCfg = Release|Any CPU
		{A27CA456-F103-2E08-7643-3B5899065CF4}.Release|x86.Build.0 = Release|Any CPU
	EndGlobalSection
	GlobalSection(SolutionProperties) = preSolution
		HideSolutionNode = FALSE
	EndGlobalSection
	GlobalSection(ExtensibilityGlobals) = postSolution
		SolutionGuid = {B51910E1-6CD5-4C55-9903-BF686E8F010F}
	EndGlobalSection
	GlobalSection(Performance) = preSolution
		HasPerformanceSessions = true
	EndGlobalSection
	GlobalSection(MonoDevelopProperties) = preSolution
		StartupItem = FrEee.WinForms\FrEee.WinForms.csproj
	EndGlobalSection
EndGlobal
