
Microsoft Visual Studio Solution File, Format Version 12.00
# Visual Studio Version 16
VisualStudioVersion = 16.0.29911.98
MinimumVisualStudioVersion = 10.0.40219.1
Project("{9A19103F-16F7-4668-BE54-9A1E7A4F7556}") = "FrEee", "FrEee\FrEee.csproj", "{ECA7A08B-992A-43EC-8D98-2AE887897343}"
EndProject
Project("{9A19103F-16F7-4668-BE54-9A1E7A4F7556}") = "FrEee.Tests", "FrEee.Tests\FrEee.Tests.csproj", "{16D44CA4-5037-4537-93BF-C18F21F1A335}"
EndProject
Project("{2150E333-8FDC-42A3-9474-1A3956D46DE8}") = "Solution Items", "Solution Items", "{E6AD02C7-FCE2-45BF-AB0D-8A5848DC4325}"
	ProjectSection(SolutionItems) = preProject
		.editorconfig = .editorconfig
		Performance5.psess = Performance5.psess
		Rebracer.xml = Rebracer.xml
	EndProjectSection
EndProject
Project("{9A19103F-16F7-4668-BE54-9A1E7A4F7556}") = "FrEee.WinForms", "FrEee.WinForms\FrEee.WinForms.csproj", "{61615A88-CFD2-474E-BE6D-6D0A46AA6E5C}"
EndProject
Project("{9A19103F-16F7-4668-BE54-9A1E7A4F7556}") = "FrEee.Assets", "FrEee.Assets\FrEee.Assets.csproj", "{C045C843-5B6B-4F8C-ADB6-98BE77375C6D}"
EndProject
Global
	GlobalSection(SolutionConfigurationPlatforms) = preSolution
		Debug|Any CPU = Debug|Any CPU
		Debug|x64 = Debug|x64
		Debug|x86 = Debug|x86
		Release|Any CPU = Release|Any CPU
		Release|x64 = Release|x64
		Release|x86 = Release|x86
	EndGlobalSection
	GlobalSection(ProjectConfigurationPlatforms) = postSolution
		{ECA7A08B-992A-43EC-8D98-2AE887897343}.Debug|Any CPU.ActiveCfg = Debug|Any CPU
		{ECA7A08B-992A-43EC-8D98-2AE887897343}.Debug|Any CPU.Build.0 = Debug|Any CPU
		{ECA7A08B-992A-43EC-8D98-2AE887897343}.Debug|x64.ActiveCfg = Debug|Any CPU
		{ECA7A08B-992A-43EC-8D98-2AE887897343}.Debug|x64.Build.0 = Debug|Any CPU
		{ECA7A08B-992A-43EC-8D98-2AE887897343}.Debug|x86.ActiveCfg = Debug|Any CPU
		{ECA7A08B-992A-43EC-8D98-2AE887897343}.Debug|x86.Build.0 = Debug|Any CPU
		{ECA7A08B-992A-43EC-8D98-2AE887897343}.Release|Any CPU.ActiveCfg = Release|Any CPU
		{ECA7A08B-992A-43EC-8D98-2AE887897343}.Release|Any CPU.Build.0 = Release|Any CPU
		{ECA7A08B-992A-43EC-8D98-2AE887897343}.Release|x64.ActiveCfg = Release|Any CPU
		{ECA7A08B-992A-43EC-8D98-2AE887897343}.Release|x64.Build.0 = Release|Any CPU
		{ECA7A08B-992A-43EC-8D98-2AE887897343}.Release|x86.ActiveCfg = Release|Any CPU
		{ECA7A08B-992A-43EC-8D98-2AE887897343}.Release|x86.Build.0 = Release|Any CPU
		{16D44CA4-5037-4537-93BF-C18F21F1A335}.Debug|Any CPU.ActiveCfg = Debug|Any CPU
		{16D44CA4-5037-4537-93BF-C18F21F1A335}.Debug|Any CPU.Build.0 = Debug|Any CPU
		{16D44CA4-5037-4537-93BF-C18F21F1A335}.Debug|x64.ActiveCfg = Debug|Any CPU
		{16D44CA4-5037-4537-93BF-C18F21F1A335}.Debug|x64.Build.0 = Debug|Any CPU
		{16D44CA4-5037-4537-93BF-C18F21F1A335}.Debug|x86.ActiveCfg = Debug|Any CPU
		{16D44CA4-5037-4537-93BF-C18F21F1A335}.Debug|x86.Build.0 = Debug|Any CPU
		{16D44CA4-5037-4537-93BF-C18F21F1A335}.Release|Any CPU.ActiveCfg = Release|Any CPU
		{16D44CA4-5037-4537-93BF-C18F21F1A335}.Release|Any CPU.Build.0 = Release|Any CPU
		{16D44CA4-5037-4537-93BF-C18F21F1A335}.Release|x64.ActiveCfg = Release|Any CPU
		{16D44CA4-5037-4537-93BF-C18F21F1A335}.Release|x64.Build.0 = Release|Any CPU
		{16D44CA4-5037-4537-93BF-C18F21F1A335}.Release|x86.ActiveCfg = Release|Any CPU
		{16D44CA4-5037-4537-93BF-C18F21F1A335}.Release|x86.Build.0 = Release|Any CPU
		{61615A88-CFD2-474E-BE6D-6D0A46AA6E5C}.Debug|Any CPU.ActiveCfg = Debug|Any CPU
		{61615A88-CFD2-474E-BE6D-6D0A46AA6E5C}.Debug|Any CPU.Build.0 = Debug|Any CPU
		{61615A88-CFD2-474E-BE6D-6D0A46AA6E5C}.Debug|x64.ActiveCfg = Debug|Any CPU
		{61615A88-CFD2-474E-BE6D-6D0A46AA6E5C}.Debug|x64.Build.0 = Debug|Any CPU
		{61615A88-CFD2-474E-BE6D-6D0A46AA6E5C}.Debug|x86.ActiveCfg = Debug|Any CPU
		{61615A88-CFD2-474E-BE6D-6D0A46AA6E5C}.Debug|x86.Build.0 = Debug|Any CPU
		{61615A88-CFD2-474E-BE6D-6D0A46AA6E5C}.Release|Any CPU.ActiveCfg = Release|Any CPU
		{61615A88-CFD2-474E-BE6D-6D0A46AA6E5C}.Release|Any CPU.Build.0 = Release|Any CPU
		{61615A88-CFD2-474E-BE6D-6D0A46AA6E5C}.Release|x64.ActiveCfg = Release|Any CPU
		{61615A88-CFD2-474E-BE6D-6D0A46AA6E5C}.Release|x64.Build.0 = Release|Any CPU
		{61615A88-CFD2-474E-BE6D-6D0A46AA6E5C}.Release|x86.ActiveCfg = Release|Any CPU
		{61615A88-CFD2-474E-BE6D-6D0A46AA6E5C}.Release|x86.Build.0 = Release|Any CPU
		{C045C843-5B6B-4F8C-ADB6-98BE77375C6D}.Debug|Any CPU.ActiveCfg = Debug|Any CPU
		{C045C843-5B6B-4F8C-ADB6-98BE77375C6D}.Debug|Any CPU.Build.0 = Debug|Any CPU
		{C045C843-5B6B-4F8C-ADB6-98BE77375C6D}.Debug|x64.ActiveCfg = Debug|Any CPU
		{C045C843-5B6B-4F8C-ADB6-98BE77375C6D}.Debug|x64.Build.0 = Debug|Any CPU
		{C045C843-5B6B-4F8C-ADB6-98BE77375C6D}.Debug|x86.ActiveCfg = Debug|Any CPU
		{C045C843-5B6B-4F8C-ADB6-98BE77375C6D}.Debug|x86.Build.0 = Debug|Any CPU
		{C045C843-5B6B-4F8C-ADB6-98BE77375C6D}.Release|Any CPU.ActiveCfg = Release|Any CPU
		{C045C843-5B6B-4F8C-ADB6-98BE77375C6D}.Release|Any CPU.Build.0 = Release|Any CPU
		{C045C843-5B6B-4F8C-ADB6-98BE77375C6D}.Release|x64.ActiveCfg = Release|Any CPU
		{C045C843-5B6B-4F8C-ADB6-98BE77375C6D}.Release|x64.Build.0 = Release|Any CPU
		{C045C843-5B6B-4F8C-ADB6-98BE77375C6D}.Release|x86.ActiveCfg = Release|Any CPU
		{C045C843-5B6B-4F8C-ADB6-98BE77375C6D}.Release|x86.Build.0 = Release|Any CPU
	EndGlobalSection
	GlobalSection(SolutionProperties) = preSolution
		HideSolutionNode = FALSE
	EndGlobalSection
	GlobalSection(ExtensibilityGlobals) = postSolution
		SolutionGuid = {B51910E1-6CD5-4C55-9903-BF686E8F010F}
	EndGlobalSection
	GlobalSection(Performance) = preSolution
		HasPerformanceSessions = true
	EndGlobalSection
	GlobalSection(MonoDevelopProperties) = preSolution
		StartupItem = FrEee.WinForms\FrEee.WinForms.csproj
	EndGlobalSection
EndGlobal
